
Microsoft Visual Studio Solution File, Format Version 12.00
# Visual Studio Version 17
VisualStudioVersion = 17.12.35707.178
MinimumVisualStudioVersion = 10.0.40219.1
Project("{FAE04EC0-301F-11D3-BF4B-00C04F79EFBC}") = "Name Selector", "SetupEnvironment1\Name Selector.csproj", "{FE4A6D57-2E07-43FB-870D-D81E7C114391}"
EndProject
Project("{FAE04EC0-301F-11D3-BF4B-00C04F79EFBC}") = "ID Selector", "ID Selector\ID Selector.csproj", "{2801A449-308D-462A-8100-A81C00C2843F}"
EndProject
Project("{FAE04EC0-301F-11D3-BF4B-00C04F79EFBC}") = "Class Name", "Class Name\Class Name.csproj", "{40E02C8A-E755-4836-8ABF-0B7BDA5B92B6}"
EndProject
Project("{FAE04EC0-301F-11D3-BF4B-00C04F79EFBC}") = "CSS Path", "CSS Path\CSS Path.csproj", "{7AC3E616-E941-412E-8719-CF29D04C3FFD}"
EndProject
Project("{FAE04EC0-301F-11D3-BF4B-00C04F79EFBC}") = "Input Text Box", "Inpu Text Box\Input Text Box.csproj", "{91265F6D-8AF8-44F6-BA72-4B3DA63A154B}"
EndProject
Global
	GlobalSection(SolutionConfigurationPlatforms) = preSolution
		Debug|Any CPU = Debug|Any CPU
		Release|Any CPU = Release|Any CPU
	EndGlobalSection
	GlobalSection(ProjectConfigurationPlatforms) = postSolution
		{FE4A6D57-2E07-43FB-870D-D81E7C114391}.Debug|Any CPU.ActiveCfg = Debug|Any CPU
		{FE4A6D57-2E07-43FB-870D-D81E7C114391}.Debug|Any CPU.Build.0 = Debug|Any CPU
		{FE4A6D57-2E07-43FB-870D-D81E7C114391}.Release|Any CPU.ActiveCfg = Release|Any CPU
		{FE4A6D57-2E07-43FB-870D-D81E7C114391}.Release|Any CPU.Build.0 = Release|Any CPU
		{2801A449-308D-462A-8100-A81C00C2843F}.Debug|Any CPU.ActiveCfg = Debug|Any CPU
		{2801A449-308D-462A-8100-A81C00C2843F}.Debug|Any CPU.Build.0 = Debug|Any CPU
		{2801A449-308D-462A-8100-A81C00C2843F}.Release|Any CPU.ActiveCfg = Release|Any CPU
		{2801A449-308D-462A-8100-A81C00C2843F}.Release|Any CPU.Build.0 = Release|Any CPU
		{40E02C8A-E755-4836-8ABF-0B7BDA5B92B6}.Debug|Any CPU.ActiveCfg = Debug|Any CPU
		{40E02C8A-E755-4836-8ABF-0B7BDA5B92B6}.Debug|Any CPU.Build.0 = Debug|Any CPU
		{40E02C8A-E755-4836-8ABF-0B7BDA5B92B6}.Release|Any CPU.ActiveCfg = Release|Any CPU
		{40E02C8A-E755-4836-8ABF-0B7BDA5B92B6}.Release|Any CPU.Build.0 = Release|Any CPU
		{7AC3E616-E941-412E-8719-CF29D04C3FFD}.Debug|Any CPU.ActiveCfg = Debug|Any CPU
		{7AC3E616-E941-412E-8719-CF29D04C3FFD}.Debug|Any CPU.Build.0 = Debug|Any CPU
		{7AC3E616-E941-412E-8719-CF29D04C3FFD}.Release|Any CPU.ActiveCfg = Release|Any CPU
		{7AC3E616-E941-412E-8719-CF29D04C3FFD}.Release|Any CPU.Build.0 = Release|Any CPU
		{91265F6D-8AF8-44F6-BA72-4B3DA63A154B}.Debug|Any CPU.ActiveCfg = Debug|Any CPU
		{91265F6D-8AF8-44F6-BA72-4B3DA63A154B}.Debug|Any CPU.Build.0 = Debug|Any CPU
		{91265F6D-8AF8-44F6-BA72-4B3DA63A154B}.Release|Any CPU.ActiveCfg = Release|Any CPU
		{91265F6D-8AF8-44F6-BA72-4B3DA63A154B}.Release|Any CPU.Build.0 = Release|Any CPU
	EndGlobalSection
	GlobalSection(SolutionProperties) = preSolution
		HideSolutionNode = FALSE
	EndGlobalSection
EndGlobal
